// !$*UTF8*$!
{
	archiveVersion = 1;
	classes = {
	};
	objectVersion = 46;
	objects = {

/* Begin PBXBuildFile section */
		312BF10918911B08009BBB9B /* EImain.cpp in Sources */ = {isa = PBXBuildFile; fileRef = 312BF10818911B08009BBB9B /* EImain.cpp */; };
		312BF10B18911B08009BBB9B /* ExerciseInfoNode.1 in CopyFiles */ = {isa = PBXBuildFile; fileRef = 312BF10A18911B08009BBB9B /* ExerciseInfoNode.1 */; };
		312BF10F18911B28009BBB9B /* DataHandler.cpp in Sources */ = {isa = PBXBuildFile; fileRef = 31323CD418152754002F33D7 /* DataHandler.cpp */; };
		312BF11018911B28009BBB9B /* DataHandler.h in Sources */ = {isa = PBXBuildFile; fileRef = 31323CD218152754002F33D7 /* DataHandler.h */; };
		312BF11118911B28009BBB9B /* PingHandler.cpp in Sources */ = {isa = PBXBuildFile; fileRef = 315823481843682D0039D83F /* PingHandler.cpp */; };
		312BF11218911B28009BBB9B /* PingHandler.h in Sources */ = {isa = PBXBuildFile; fileRef = 315823491843682D0039D83F /* PingHandler.h */; };
		312BF11318911B28009BBB9B /* NetworkWriter.cpp in Sources */ = {isa = PBXBuildFile; fileRef = 31323CCC18152735002F33D7 /* NetworkWriter.cpp */; };
		312BF11418911B28009BBB9B /* NetworkWriter.h in Sources */ = {isa = PBXBuildFile; fileRef = 31323CD318152754002F33D7 /* NetworkWriter.h */; };
		312BF11518911B28009BBB9B /* NetworkReader.cpp in Sources */ = {isa = PBXBuildFile; fileRef = 31323CC818152735002F33D7 /* NetworkReader.cpp */; };
		312BF11618911B28009BBB9B /* NetworkReader.h in Sources */ = {isa = PBXBuildFile; fileRef = 31323CCB18152735002F33D7 /* NetworkReader.h */; };
		312BF11718911B28009BBB9B /* ProcessorNode.cpp in Sources */ = {isa = PBXBuildFile; fileRef = 31323CCD18152735002F33D7 /* ProcessorNode.cpp */; };
		312BF11818911B28009BBB9B /* ProcessorNode.h in Sources */ = {isa = PBXBuildFile; fileRef = 31323CD518152754002F33D7 /* ProcessorNode.h */; };
		312BF11918911B28009BBB9B /* Networker.cpp in Sources */ = {isa = PBXBuildFile; fileRef = 31323CD618152754002F33D7 /* Networker.cpp */; };
		312BF11A18911B28009BBB9B /* Networker.h in Sources */ = {isa = PBXBuildFile; fileRef = 31323CD718152754002F33D7 /* Networker.h */; };
		312BF11B18911B28009BBB9B /* NetworkReaderObserver.h in Sources */ = {isa = PBXBuildFile; fileRef = 31323CD818152754002F33D7 /* NetworkReaderObserver.h */; };
		312BF11C18911B28009BBB9B /* Log.cpp in Sources */ = {isa = PBXBuildFile; fileRef = 31323CC918152735002F33D7 /* Log.cpp */; };
		312BF11D18911B28009BBB9B /* Log.h in Sources */ = {isa = PBXBuildFile; fileRef = 31323CCA18152735002F33D7 /* Log.h */; };
		312BF11E18911B28009BBB9B /* Package.cpp in Sources */ = {isa = PBXBuildFile; fileRef = 3158234C18471B900039D83F /* Package.cpp */; };
		312BF11F18911B28009BBB9B /* Package.h in Sources */ = {isa = PBXBuildFile; fileRef = 3158234D18471B900039D83F /* Package.h */; };
		312BF12018911B28009BBB9B /* DataItem.cpp in Sources */ = {isa = PBXBuildFile; fileRef = 3158238318508C8E0039D83F /* DataItem.cpp */; };
		312BF12118911B28009BBB9B /* DataItem.h in Sources */ = {isa = PBXBuildFile; fileRef = 3158238418508C8E0039D83F /* DataItem.h */; };
		312BF12218911B28009BBB9B /* DataFileReader.cpp in Sources */ = {isa = PBXBuildFile; fileRef = 3158238618508DE10039D83F /* DataFileReader.cpp */; };
		312BF12318911B28009BBB9B /* DataFileReader.h in Sources */ = {isa = PBXBuildFile; fileRef = 3158238718508DE10039D83F /* DataFileReader.h */; };
		312BF12A18911F6F009BBB9B /* StudentDataItem.cpp in Sources */ = {isa = PBXBuildFile; fileRef = 31D65B481887EDE300356258 /* StudentDataItem.cpp */; };
		312BF12B18911F6F009BBB9B /* StudentDataItem.h in Sources */ = {isa = PBXBuildFile; fileRef = 31D65B491887EDE300356258 /* StudentDataItem.h */; };
		312BF12E18912926009BBB9B /* StudentNetInputHandler.cpp in Sources */ = {isa = PBXBuildFile; fileRef = 312BF12C18912926009BBB9B /* StudentNetInputHandler.cpp */; };
		312BF1371896DA0D009BBB9B /* EINmain.cpp in Sources */ = {isa = PBXBuildFile; fileRef = 312BF1361896DA0D009BBB9B /* EINmain.cpp */; };
		312BF1391896DA0D009BBB9B /* ExamInfoNode.1 in CopyFiles */ = {isa = PBXBuildFile; fileRef = 312BF1381896DA0D009BBB9B /* ExamInfoNode.1 */; };
		312BF14618979A2C009BBB9B /* DataHandler.cpp in Sources */ = {isa = PBXBuildFile; fileRef = 31323CD418152754002F33D7 /* DataHandler.cpp */; };
		312BF14718979A2C009BBB9B /* DataHandler.h in Sources */ = {isa = PBXBuildFile; fileRef = 31323CD218152754002F33D7 /* DataHandler.h */; };
		312BF14818979A2C009BBB9B /* PingHandler.cpp in Sources */ = {isa = PBXBuildFile; fileRef = 315823481843682D0039D83F /* PingHandler.cpp */; };
		312BF14918979A2C009BBB9B /* PingHandler.h in Sources */ = {isa = PBXBuildFile; fileRef = 315823491843682D0039D83F /* PingHandler.h */; };
		312BF14A18979A2C009BBB9B /* NetworkWriter.cpp in Sources */ = {isa = PBXBuildFile; fileRef = 31323CCC18152735002F33D7 /* NetworkWriter.cpp */; };
		312BF14B18979A2C009BBB9B /* NetworkWriter.h in Sources */ = {isa = PBXBuildFile; fileRef = 31323CD318152754002F33D7 /* NetworkWriter.h */; };
		312BF14C18979A2C009BBB9B /* NetworkReader.cpp in Sources */ = {isa = PBXBuildFile; fileRef = 31323CC818152735002F33D7 /* NetworkReader.cpp */; };
		312BF14D18979A2C009BBB9B /* NetworkReader.h in Sources */ = {isa = PBXBuildFile; fileRef = 31323CCB18152735002F33D7 /* NetworkReader.h */; };
		312BF14E18979A2C009BBB9B /* ProcessorNode.cpp in Sources */ = {isa = PBXBuildFile; fileRef = 31323CCD18152735002F33D7 /* ProcessorNode.cpp */; };
		312BF14F18979A2C009BBB9B /* ProcessorNode.h in Sources */ = {isa = PBXBuildFile; fileRef = 31323CD518152754002F33D7 /* ProcessorNode.h */; };
		312BF15018979A2C009BBB9B /* Networker.cpp in Sources */ = {isa = PBXBuildFile; fileRef = 31323CD618152754002F33D7 /* Networker.cpp */; };
		312BF15118979A2C009BBB9B /* Networker.h in Sources */ = {isa = PBXBuildFile; fileRef = 31323CD718152754002F33D7 /* Networker.h */; };
		312BF15218979A2C009BBB9B /* NetworkReaderObserver.h in Sources */ = {isa = PBXBuildFile; fileRef = 31323CD818152754002F33D7 /* NetworkReaderObserver.h */; };
		312BF15318979A2C009BBB9B /* Log.cpp in Sources */ = {isa = PBXBuildFile; fileRef = 31323CC918152735002F33D7 /* Log.cpp */; };
		312BF15418979A2C009BBB9B /* Log.h in Sources */ = {isa = PBXBuildFile; fileRef = 31323CCA18152735002F33D7 /* Log.h */; };
		312BF15518979A2C009BBB9B /* Package.cpp in Sources */ = {isa = PBXBuildFile; fileRef = 3158234C18471B900039D83F /* Package.cpp */; };
		312BF15618979A2C009BBB9B /* Package.h in Sources */ = {isa = PBXBuildFile; fileRef = 3158234D18471B900039D83F /* Package.h */; };
		312BF15718979A2C009BBB9B /* DataItem.cpp in Sources */ = {isa = PBXBuildFile; fileRef = 3158238318508C8E0039D83F /* DataItem.cpp */; };
		312BF15818979A2C009BBB9B /* DataItem.h in Sources */ = {isa = PBXBuildFile; fileRef = 3158238418508C8E0039D83F /* DataItem.h */; };
		312BF15918979A2C009BBB9B /* DataFileReader.cpp in Sources */ = {isa = PBXBuildFile; fileRef = 3158238618508DE10039D83F /* DataFileReader.cpp */; };
		312BF15A18979A2C009BBB9B /* DataFileReader.h in Sources */ = {isa = PBXBuildFile; fileRef = 3158238718508DE10039D83F /* DataFileReader.h */; };
		312BF15B18979A2C009BBB9B /* DataReaderObserver.h in Sources */ = {isa = PBXBuildFile; fileRef = 312BF12F18968AB1009BBB9B /* DataReaderObserver.h */; };
		312BF15C18979A2C009BBB9B /* StudentDataItem.cpp in Sources */ = {isa = PBXBuildFile; fileRef = 31D65B481887EDE300356258 /* StudentDataItem.cpp */; };
		312BF15D18979A2C009BBB9B /* StudentDataItem.h in Sources */ = {isa = PBXBuildFile; fileRef = 31D65B491887EDE300356258 /* StudentDataItem.h */; };
		312BF1661897BFAE009BBB9B /* EWINmain.cpp in Sources */ = {isa = PBXBuildFile; fileRef = 312BF1651897BFAE009BBB9B /* EWINmain.cpp */; };
		312BF1681897BFAE009BBB9B /* ExerciseWorkInfoNode.1 in CopyFiles */ = {isa = PBXBuildFile; fileRef = 312BF1671897BFAE009BBB9B /* ExerciseWorkInfoNode.1 */; };
		312BF1751897C7CE009BBB9B /* DataHandler.cpp in Sources */ = {isa = PBXBuildFile; fileRef = 31323CD418152754002F33D7 /* DataHandler.cpp */; };
		312BF1761897C7CE009BBB9B /* DataHandler.h in Sources */ = {isa = PBXBuildFile; fileRef = 31323CD218152754002F33D7 /* DataHandler.h */; };
		312BF1771897C7CE009BBB9B /* PingHandler.cpp in Sources */ = {isa = PBXBuildFile; fileRef = 315823481843682D0039D83F /* PingHandler.cpp */; };
		312BF1781897C7CE009BBB9B /* PingHandler.h in Sources */ = {isa = PBXBuildFile; fileRef = 315823491843682D0039D83F /* PingHandler.h */; };
		312BF1791897C7CE009BBB9B /* NetworkWriter.cpp in Sources */ = {isa = PBXBuildFile; fileRef = 31323CCC18152735002F33D7 /* NetworkWriter.cpp */; };
		312BF17A1897C7CE009BBB9B /* NetworkWriter.h in Sources */ = {isa = PBXBuildFile; fileRef = 31323CD318152754002F33D7 /* NetworkWriter.h */; };
		312BF17B1897C7CE009BBB9B /* NetworkReader.cpp in Sources */ = {isa = PBXBuildFile; fileRef = 31323CC818152735002F33D7 /* NetworkReader.cpp */; };
		312BF17C1897C7CE009BBB9B /* NetworkReader.h in Sources */ = {isa = PBXBuildFile; fileRef = 31323CCB18152735002F33D7 /* NetworkReader.h */; };
		312BF17D1897C7CE009BBB9B /* ProcessorNode.cpp in Sources */ = {isa = PBXBuildFile; fileRef = 31323CCD18152735002F33D7 /* ProcessorNode.cpp */; };
		312BF17E1897C7CE009BBB9B /* ProcessorNode.h in Sources */ = {isa = PBXBuildFile; fileRef = 31323CD518152754002F33D7 /* ProcessorNode.h */; };
		312BF17F1897C7CE009BBB9B /* Networker.cpp in Sources */ = {isa = PBXBuildFile; fileRef = 31323CD618152754002F33D7 /* Networker.cpp */; };
		312BF1801897C7CE009BBB9B /* Networker.h in Sources */ = {isa = PBXBuildFile; fileRef = 31323CD718152754002F33D7 /* Networker.h */; };
		312BF1811897C7CE009BBB9B /* NetworkReaderObserver.h in Sources */ = {isa = PBXBuildFile; fileRef = 31323CD818152754002F33D7 /* NetworkReaderObserver.h */; };
		312BF1821897C7CE009BBB9B /* Log.cpp in Sources */ = {isa = PBXBuildFile; fileRef = 31323CC918152735002F33D7 /* Log.cpp */; };
		312BF1831897C7CE009BBB9B /* Log.h in Sources */ = {isa = PBXBuildFile; fileRef = 31323CCA18152735002F33D7 /* Log.h */; };
		312BF1841897C7CE009BBB9B /* Package.cpp in Sources */ = {isa = PBXBuildFile; fileRef = 3158234C18471B900039D83F /* Package.cpp */; };
		312BF1851897C7CE009BBB9B /* Package.h in Sources */ = {isa = PBXBuildFile; fileRef = 3158234D18471B900039D83F /* Package.h */; };
		312BF1861897C7CE009BBB9B /* DataItem.cpp in Sources */ = {isa = PBXBuildFile; fileRef = 3158238318508C8E0039D83F /* DataItem.cpp */; };
		312BF1871897C7CE009BBB9B /* DataItem.h in Sources */ = {isa = PBXBuildFile; fileRef = 3158238418508C8E0039D83F /* DataItem.h */; };
		312BF1881897C7CE009BBB9B /* DataFileReader.cpp in Sources */ = {isa = PBXBuildFile; fileRef = 3158238618508DE10039D83F /* DataFileReader.cpp */; };
		312BF1891897C7CE009BBB9B /* DataFileReader.h in Sources */ = {isa = PBXBuildFile; fileRef = 3158238718508DE10039D83F /* DataFileReader.h */; };
		312BF18A1897C7CE009BBB9B /* DataReaderObserver.h in Sources */ = {isa = PBXBuildFile; fileRef = 312BF12F18968AB1009BBB9B /* DataReaderObserver.h */; };
		312BF18B1897C7CE009BBB9B /* StudentDataItem.cpp in Sources */ = {isa = PBXBuildFile; fileRef = 31D65B481887EDE300356258 /* StudentDataItem.cpp */; };
		312BF18C1897C7CE009BBB9B /* StudentDataItem.h in Sources */ = {isa = PBXBuildFile; fileRef = 31D65B491887EDE300356258 /* StudentDataItem.h */; };
		312BF18F1897C9D0009BBB9B /* GradingHandler.cpp in Sources */ = {isa = PBXBuildFile; fileRef = 312BF18D1897C9D0009BBB9B /* GradingHandler.cpp */; };
		312BF1921897FE7F009BBB9B /* StudentNetOutputHandler.cpp in Sources */ = {isa = PBXBuildFile; fileRef = 312BF1901897FE7F009BBB9B /* StudentNetOutputHandler.cpp */; };
		312BF19518980D9A009BBB9B /* StudentHandler.cpp in Sources */ = {isa = PBXBuildFile; fileRef = 312BF19318980D9A009BBB9B /* StudentHandler.cpp */; };
		315823931850A30A0039D83F /* StudentInfoNode.1 in CopyFiles */ = {isa = PBXBuildFile; fileRef = 315823921850A30A0039D83F /* StudentInfoNode.1 */; };
		315823971850A3870039D83F /* DataHandler.cpp in Sources */ = {isa = PBXBuildFile; fileRef = 31323CD418152754002F33D7 /* DataHandler.cpp */; };
		315823981850A3870039D83F /* DataHandler.h in Sources */ = {isa = PBXBuildFile; fileRef = 31323CD218152754002F33D7 /* DataHandler.h */; };
		315823991850A3870039D83F /* PingHandler.cpp in Sources */ = {isa = PBXBuildFile; fileRef = 315823481843682D0039D83F /* PingHandler.cpp */; };
		3158239A1850A3870039D83F /* PingHandler.h in Sources */ = {isa = PBXBuildFile; fileRef = 315823491843682D0039D83F /* PingHandler.h */; };
		3158239B1850A3870039D83F /* NetworkWriter.cpp in Sources */ = {isa = PBXBuildFile; fileRef = 31323CCC18152735002F33D7 /* NetworkWriter.cpp */; };
		3158239C1850A3870039D83F /* NetworkWriter.h in Sources */ = {isa = PBXBuildFile; fileRef = 31323CD318152754002F33D7 /* NetworkWriter.h */; };
		3158239D1850A3870039D83F /* NetworkReader.cpp in Sources */ = {isa = PBXBuildFile; fileRef = 31323CC818152735002F33D7 /* NetworkReader.cpp */; };
		3158239E1850A3870039D83F /* NetworkReader.h in Sources */ = {isa = PBXBuildFile; fileRef = 31323CCB18152735002F33D7 /* NetworkReader.h */; };
		3158239F1850A3870039D83F /* ProcessorNode.cpp in Sources */ = {isa = PBXBuildFile; fileRef = 31323CCD18152735002F33D7 /* ProcessorNode.cpp */; };
		315823A01850A3870039D83F /* ProcessorNode.h in Sources */ = {isa = PBXBuildFile; fileRef = 31323CD518152754002F33D7 /* ProcessorNode.h */; };
		315823A11850A3870039D83F /* Networker.cpp in Sources */ = {isa = PBXBuildFile; fileRef = 31323CD618152754002F33D7 /* Networker.cpp */; };
		315823A21850A3870039D83F /* Networker.h in Sources */ = {isa = PBXBuildFile; fileRef = 31323CD718152754002F33D7 /* Networker.h */; };
		315823A31850A3870039D83F /* NetworkReaderObserver.h in Sources */ = {isa = PBXBuildFile; fileRef = 31323CD818152754002F33D7 /* NetworkReaderObserver.h */; };
		315823A41850A3870039D83F /* Log.cpp in Sources */ = {isa = PBXBuildFile; fileRef = 31323CC918152735002F33D7 /* Log.cpp */; };
		315823A51850A3870039D83F /* Log.h in Sources */ = {isa = PBXBuildFile; fileRef = 31323CCA18152735002F33D7 /* Log.h */; };
		315823A61850A3870039D83F /* Package.cpp in Sources */ = {isa = PBXBuildFile; fileRef = 3158234C18471B900039D83F /* Package.cpp */; };
		315823A71850A3870039D83F /* Package.h in Sources */ = {isa = PBXBuildFile; fileRef = 3158234D18471B900039D83F /* Package.h */; };
		315823A81850A3870039D83F /* DataItem.cpp in Sources */ = {isa = PBXBuildFile; fileRef = 3158238318508C8E0039D83F /* DataItem.cpp */; };
		315823A91850A3870039D83F /* DataItem.h in Sources */ = {isa = PBXBuildFile; fileRef = 3158238418508C8E0039D83F /* DataItem.h */; };
		315823AA1850A3870039D83F /* DataFileReader.cpp in Sources */ = {isa = PBXBuildFile; fileRef = 3158238618508DE10039D83F /* DataFileReader.cpp */; };
		315823AB1850A3870039D83F /* DataFileReader.h in Sources */ = {isa = PBXBuildFile; fileRef = 3158238718508DE10039D83F /* DataFileReader.h */; };
		315823AC1850A3870039D83F /* SImain.cpp in Sources */ = {isa = PBXBuildFile; fileRef = 31323CBE181526EE002F33D7 /* SImain.cpp */; };
		315823AE1850A42D0039D83F /* libstdc++.6.0.9.dylib in Frameworks */ = {isa = PBXBuildFile; fileRef = 315823AD1850A42D0039D83F /* libstdc++.6.0.9.dylib */; };
		3168893D1C58C7540065A5AB /* ConfigurationFileReader.cpp in Sources */ = {isa = PBXBuildFile; fileRef = 3168893C1C58C7540065A5AB /* ConfigurationFileReader.cpp */; };
		3168893E1C58C7540065A5AB /* ConfigurationFileReader.cpp in Sources */ = {isa = PBXBuildFile; fileRef = 3168893C1C58C7540065A5AB /* ConfigurationFileReader.cpp */; };
		3168893F1C58C7540065A5AB /* ConfigurationFileReader.cpp in Sources */ = {isa = PBXBuildFile; fileRef = 3168893C1C58C7540065A5AB /* ConfigurationFileReader.cpp */; };
		316889401C58C7540065A5AB /* ConfigurationFileReader.cpp in Sources */ = {isa = PBXBuildFile; fileRef = 3168893C1C58C7540065A5AB /* ConfigurationFileReader.cpp */; };
		318B69B51C7F38CA0088E152 /* ConfigurationDataItem.cpp in Sources */ = {isa = PBXBuildFile; fileRef = 318B69B31C7F38CA0088E152 /* ConfigurationDataItem.cpp */; };
		318B69B61C7F38CA0088E152 /* ConfigurationDataItem.cpp in Sources */ = {isa = PBXBuildFile; fileRef = 318B69B31C7F38CA0088E152 /* ConfigurationDataItem.cpp */; };
		318B69B71C7F38CA0088E152 /* ConfigurationDataItem.cpp in Sources */ = {isa = PBXBuildFile; fileRef = 318B69B31C7F38CA0088E152 /* ConfigurationDataItem.cpp */; };
		318B69B81C7F38CA0088E152 /* ConfigurationDataItem.cpp in Sources */ = {isa = PBXBuildFile; fileRef = 318B69B31C7F38CA0088E152 /* ConfigurationDataItem.cpp */; };
		318D6419189A59570056F85C /* StudentNetInputHandler.cpp in Sources */ = {isa = PBXBuildFile; fileRef = 312BF12C18912926009BBB9B /* StudentNetInputHandler.cpp */; };
		318D641A189A59570056F85C /* StudentNetInputHandler.h in Sources */ = {isa = PBXBuildFile; fileRef = 312BF12D18912926009BBB9B /* StudentNetInputHandler.h */; };
		318D641B189A59570056F85C /* StudentNetOutputHandler.cpp in Sources */ = {isa = PBXBuildFile; fileRef = 312BF1901897FE7F009BBB9B /* StudentNetOutputHandler.cpp */; };
		318D641C189A59570056F85C /* StudentNetOutputHandler.h in Sources */ = {isa = PBXBuildFile; fileRef = 312BF1911897FE7F009BBB9B /* StudentNetOutputHandler.h */; };
		318D641E189A5EAD0056F85C /* StudentFileReader.cpp in Sources */ = {isa = PBXBuildFile; fileRef = 31D65B451887ECDF00356258 /* StudentFileReader.cpp */; };
		318D641F189A5F5D0056F85C /* StudentHandler.cpp in Sources */ = {isa = PBXBuildFile; fileRef = 312BF19318980D9A009BBB9B /* StudentHandler.cpp */; };
		318D6420189A5FB20056F85C /* StudentFileReader.cpp in Sources */ = {isa = PBXBuildFile; fileRef = 31D65B451887ECDF00356258 /* StudentFileReader.cpp */; };
		318D6421189A60910056F85C /* StudentNetInputHandler.cpp in Sources */ = {isa = PBXBuildFile; fileRef = 312BF12C18912926009BBB9B /* StudentNetInputHandler.cpp */; };
		318D6422189A60910056F85C /* StudentNetInputHandler.h in Sources */ = {isa = PBXBuildFile; fileRef = 312BF12D18912926009BBB9B /* StudentNetInputHandler.h */; };
		318D6423189A60910056F85C /* StudentNetOutputHandler.cpp in Sources */ = {isa = PBXBuildFile; fileRef = 312BF1901897FE7F009BBB9B /* StudentNetOutputHandler.cpp */; };
		318D6424189A60910056F85C /* StudentNetOutputHandler.h in Sources */ = {isa = PBXBuildFile; fileRef = 312BF1911897FE7F009BBB9B /* StudentNetOutputHandler.h */; };
		318D6425189A60910056F85C /* StudentFileReader.cpp in Sources */ = {isa = PBXBuildFile; fileRef = 31D65B451887ECDF00356258 /* StudentFileReader.cpp */; };
		318D6426189A60910056F85C /* StudentFileReader.h in Sources */ = {isa = PBXBuildFile; fileRef = 31D65B461887ECDF00356258 /* StudentFileReader.h */; };
		318D6427189A60910056F85C /* StudentHandler.cpp in Sources */ = {isa = PBXBuildFile; fileRef = 312BF19318980D9A009BBB9B /* StudentHandler.cpp */; };
		318D6428189A60910056F85C /* StudentHandler.h in Sources */ = {isa = PBXBuildFile; fileRef = 312BF19418980D9A009BBB9B /* StudentHandler.h */; };
		318D6429189A6E760056F85C /* StudentNetOutputHandler.cpp in Sources */ = {isa = PBXBuildFile; fileRef = 312BF1901897FE7F009BBB9B /* StudentNetOutputHandler.cpp */; };
		318D642A189A6E760056F85C /* StudentHandler.cpp in Sources */ = {isa = PBXBuildFile; fileRef = 312BF19318980D9A009BBB9B /* StudentHandler.cpp */; };
		318D642D189A77B30056F85C /* PlainStudentFileHandler.cpp in Sources */ = {isa = PBXBuildFile; fileRef = 318D642B189A77B30056F85C /* PlainStudentFileHandler.cpp */; };
		318D642E189A77B30056F85C /* PlainStudentFileHandler.cpp in Sources */ = {isa = PBXBuildFile; fileRef = 318D642B189A77B30056F85C /* PlainStudentFileHandler.cpp */; };
		318D642F189A77B30056F85C /* PlainStudentFileHandler.cpp in Sources */ = {isa = PBXBuildFile; fileRef = 318D642B189A77B30056F85C /* PlainStudentFileHandler.cpp */; };
		318D6430189A77B30056F85C /* PlainStudentFileHandler.cpp in Sources */ = {isa = PBXBuildFile; fileRef = 318D642B189A77B30056F85C /* PlainStudentFileHandler.cpp */; };
		318D6433189ACD170056F85C /* CruelGrader.cpp in Sources */ = {isa = PBXBuildFile; fileRef = 318D6431189ACD170056F85C /* CruelGrader.cpp */; };
		318D6436189AD1140056F85C /* TheUsualGrader.cpp in Sources */ = {isa = PBXBuildFile; fileRef = 318D6434189AD1140056F85C /* TheUsualGrader.cpp */; };
		318D6439189AD2F00056F85C /* GraderFactory.cpp in Sources */ = {isa = PBXBuildFile; fileRef = 318D6437189AD2F00056F85C /* GraderFactory.cpp */; };
		318D643C189AD9690056F85C /* StudentFileWriter.cpp in Sources */ = {isa = PBXBuildFile; fileRef = 318D643A189AD9690056F85C /* StudentFileWriter.cpp */; };
		318D643F189AE1DB0056F85C /* StudentWriterHandler.cpp in Sources */ = {isa = PBXBuildFile; fileRef = 318D643D189AE1DB0056F85C /* StudentWriterHandler.cpp */; };
		31D65B471887ECDF00356258 /* StudentFileReader.cpp in Sources */ = {isa = PBXBuildFile; fileRef = 31D65B451887ECDF00356258 /* StudentFileReader.cpp */; };
		31D65B4A1887EDE300356258 /* StudentDataItem.cpp in Sources */ = {isa = PBXBuildFile; fileRef = 31D65B481887EDE300356258 /* StudentDataItem.cpp */; };
/* End PBXBuildFile section */

/* Begin PBXCopyFilesBuildPhase section */
		312BF10418911B08009BBB9B /* CopyFiles */ = {
			isa = PBXCopyFilesBuildPhase;
			buildActionMask = 2147483647;
			dstPath = /usr/share/man/man1/;
			dstSubfolderSpec = 0;
			files = (
				312BF10B18911B08009BBB9B /* ExerciseInfoNode.1 in CopyFiles */,
			);
			runOnlyForDeploymentPostprocessing = 1;
		};
		312BF1321896DA0D009BBB9B /* CopyFiles */ = {
			isa = PBXCopyFilesBuildPhase;
			buildActionMask = 2147483647;
			dstPath = /usr/share/man/man1/;
			dstSubfolderSpec = 0;
			files = (
				312BF1391896DA0D009BBB9B /* ExamInfoNode.1 in CopyFiles */,
			);
			runOnlyForDeploymentPostprocessing = 1;
		};
		312BF1611897BFAE009BBB9B /* CopyFiles */ = {
			isa = PBXCopyFilesBuildPhase;
			buildActionMask = 2147483647;
			dstPath = /usr/share/man/man1/;
			dstSubfolderSpec = 0;
			files = (
				312BF1681897BFAE009BBB9B /* ExerciseWorkInfoNode.1 in CopyFiles */,
			);
			runOnlyForDeploymentPostprocessing = 1;
		};
		3158238C1850A30A0039D83F /* CopyFiles */ = {
			isa = PBXCopyFilesBuildPhase;
			buildActionMask = 2147483647;
			dstPath = /usr/share/man/man1/;
			dstSubfolderSpec = 0;
			files = (
				315823931850A30A0039D83F /* StudentInfoNode.1 in CopyFiles */,
			);
			runOnlyForDeploymentPostprocessing = 1;
		};
/* End PBXCopyFilesBuildPhase section */

/* Begin PBXFileReference section */
		312BF10618911B08009BBB9B /* ExerciseInfoNode */ = {isa = PBXFileReference; explicitFileType = "compiled.mach-o.executable"; includeInIndex = 0; path = ExerciseInfoNode; sourceTree = BUILT_PRODUCTS_DIR; };
		312BF10818911B08009BBB9B /* EImain.cpp */ = {isa = PBXFileReference; lastKnownFileType = sourcecode.cpp.cpp; path = EImain.cpp; sourceTree = "<group>"; };
		312BF10A18911B08009BBB9B /* ExerciseInfoNode.1 */ = {isa = PBXFileReference; lastKnownFileType = text.man; path = ExerciseInfoNode.1; sourceTree = "<group>"; };
		312BF12C18912926009BBB9B /* StudentNetInputHandler.cpp */ = {isa = PBXFileReference; fileEncoding = 4; lastKnownFileType = sourcecode.cpp.cpp; name = StudentNetInputHandler.cpp; path = ExerciseInfoNode/StudentNetInputHandler.cpp; sourceTree = "<group>"; };
		312BF12D18912926009BBB9B /* StudentNetInputHandler.h */ = {isa = PBXFileReference; fileEncoding = 4; lastKnownFileType = sourcecode.c.h; name = StudentNetInputHandler.h; path = ExerciseInfoNode/StudentNetInputHandler.h; sourceTree = "<group>"; };
		312BF12F18968AB1009BBB9B /* DataReaderObserver.h */ = {isa = PBXFileReference; lastKnownFileType = sourcecode.c.h; path = DataReaderObserver.h; sourceTree = "<group>"; };
		312BF1341896DA0D009BBB9B /* ExamInfoNode */ = {isa = PBXFileReference; explicitFileType = "compiled.mach-o.executable"; includeInIndex = 0; path = ExamInfoNode; sourceTree = BUILT_PRODUCTS_DIR; };
		312BF1361896DA0D009BBB9B /* EINmain.cpp */ = {isa = PBXFileReference; lastKnownFileType = sourcecode.cpp.cpp; path = EINmain.cpp; sourceTree = "<group>"; };
		312BF1381896DA0D009BBB9B /* ExamInfoNode.1 */ = {isa = PBXFileReference; lastKnownFileType = text.man; path = ExamInfoNode.1; sourceTree = "<group>"; };
		312BF15E1897B9B9009BBB9B /* GradeCalculator.h */ = {isa = PBXFileReference; lastKnownFileType = sourcecode.c.h; name = GradeCalculator.h; path = StudentInfoNode/GradeCalculator.h; sourceTree = "<group>"; };
		312BF1631897BFAE009BBB9B /* ExerciseWorkInfoNode */ = {isa = PBXFileReference; explicitFileType = "compiled.mach-o.executable"; includeInIndex = 0; path = ExerciseWorkInfoNode; sourceTree = BUILT_PRODUCTS_DIR; };
		312BF1651897BFAE009BBB9B /* EWINmain.cpp */ = {isa = PBXFileReference; lastKnownFileType = sourcecode.cpp.cpp; path = EWINmain.cpp; sourceTree = "<group>"; };
		312BF1671897BFAE009BBB9B /* ExerciseWorkInfoNode.1 */ = {isa = PBXFileReference; lastKnownFileType = text.man; path = ExerciseWorkInfoNode.1; sourceTree = "<group>"; };
		312BF18D1897C9D0009BBB9B /* GradingHandler.cpp */ = {isa = PBXFileReference; fileEncoding = 4; lastKnownFileType = sourcecode.cpp.cpp; path = GradingHandler.cpp; sourceTree = "<group>"; };
		312BF18E1897C9D0009BBB9B /* GradingHandler.h */ = {isa = PBXFileReference; fileEncoding = 4; lastKnownFileType = sourcecode.c.h; path = GradingHandler.h; sourceTree = "<group>"; };
		312BF1901897FE7F009BBB9B /* StudentNetOutputHandler.cpp */ = {isa = PBXFileReference; fileEncoding = 4; lastKnownFileType = sourcecode.cpp.cpp; name = StudentNetOutputHandler.cpp; path = ExerciseInfoNode/StudentNetOutputHandler.cpp; sourceTree = "<group>"; };
		312BF1911897FE7F009BBB9B /* StudentNetOutputHandler.h */ = {isa = PBXFileReference; fileEncoding = 4; lastKnownFileType = sourcecode.c.h; name = StudentNetOutputHandler.h; path = ExerciseInfoNode/StudentNetOutputHandler.h; sourceTree = "<group>"; };
		312BF19318980D9A009BBB9B /* StudentHandler.cpp */ = {isa = PBXFileReference; fileEncoding = 4; lastKnownFileType = sourcecode.cpp.cpp; name = StudentHandler.cpp; path = ExerciseInfoNode/StudentHandler.cpp; sourceTree = "<group>"; };
		312BF19418980D9A009BBB9B /* StudentHandler.h */ = {isa = PBXFileReference; fileEncoding = 4; lastKnownFileType = sourcecode.c.h; name = StudentHandler.h; path = ExerciseInfoNode/StudentHandler.h; sourceTree = "<group>"; };
		31323CBE181526EE002F33D7 /* SImain.cpp */ = {isa = PBXFileReference; lastKnownFileType = sourcecode.cpp.cpp; name = SImain.cpp; path = ../PipesAndFiltersStudentNode/SImain.cpp; sourceTree = "<group>"; };
		31323CC0181526EE002F33D7 /* PipesAndFiltersFramework.1 */ = {isa = PBXFileReference; lastKnownFileType = text.man; path = PipesAndFiltersFramework.1; sourceTree = "<group>"; };
		31323CC818152735002F33D7 /* NetworkReader.cpp */ = {isa = PBXFileReference; fileEncoding = 4; lastKnownFileType = sourcecode.cpp.cpp; name = NetworkReader.cpp; path = ../../NetworkReader.cpp; sourceTree = "<group>"; };
		31323CC918152735002F33D7 /* Log.cpp */ = {isa = PBXFileReference; fileEncoding = 4; lastKnownFileType = sourcecode.cpp.cpp; name = Log.cpp; path = ../../Log.cpp; sourceTree = "<group>"; };
		31323CCA18152735002F33D7 /* Log.h */ = {isa = PBXFileReference; fileEncoding = 4; lastKnownFileType = sourcecode.c.h; name = Log.h; path = ../../Log.h; sourceTree = "<group>"; };
		31323CCB18152735002F33D7 /* NetworkReader.h */ = {isa = PBXFileReference; fileEncoding = 4; lastKnownFileType = sourcecode.c.h; name = NetworkReader.h; path = ../../NetworkReader.h; sourceTree = "<group>"; };
		31323CCC18152735002F33D7 /* NetworkWriter.cpp */ = {isa = PBXFileReference; fileEncoding = 4; lastKnownFileType = sourcecode.cpp.cpp; name = NetworkWriter.cpp; path = ../../NetworkWriter.cpp; sourceTree = "<group>"; };
		31323CCD18152735002F33D7 /* ProcessorNode.cpp */ = {isa = PBXFileReference; fileEncoding = 4; lastKnownFileType = sourcecode.cpp.cpp; name = ProcessorNode.cpp; path = ../../ProcessorNode.cpp; sourceTree = "<group>"; };
		31323CD218152754002F33D7 /* DataHandler.h */ = {isa = PBXFileReference; fileEncoding = 4; lastKnownFileType = sourcecode.c.h; name = DataHandler.h; path = ../../DataHandler.h; sourceTree = "<group>"; };
		31323CD318152754002F33D7 /* NetworkWriter.h */ = {isa = PBXFileReference; fileEncoding = 4; lastKnownFileType = sourcecode.c.h; name = NetworkWriter.h; path = ../../NetworkWriter.h; sourceTree = "<group>"; };
		31323CD418152754002F33D7 /* DataHandler.cpp */ = {isa = PBXFileReference; fileEncoding = 4; lastKnownFileType = sourcecode.cpp.cpp; name = DataHandler.cpp; path = ../../DataHandler.cpp; sourceTree = "<group>"; };
		31323CD518152754002F33D7 /* ProcessorNode.h */ = {isa = PBXFileReference; fileEncoding = 4; lastKnownFileType = sourcecode.c.h; name = ProcessorNode.h; path = ../../ProcessorNode.h; sourceTree = "<group>"; };
		31323CD618152754002F33D7 /* Networker.cpp */ = {isa = PBXFileReference; fileEncoding = 4; lastKnownFileType = sourcecode.cpp.cpp; name = Networker.cpp; path = ../../Networker.cpp; sourceTree = "<group>"; };
		31323CD718152754002F33D7 /* Networker.h */ = {isa = PBXFileReference; fileEncoding = 4; lastKnownFileType = sourcecode.c.h; name = Networker.h; path = ../../Networker.h; sourceTree = "<group>"; };
		31323CD818152754002F33D7 /* NetworkReaderObserver.h */ = {isa = PBXFileReference; fileEncoding = 4; lastKnownFileType = sourcecode.c.h; name = NetworkReaderObserver.h; path = ../../NetworkReaderObserver.h; sourceTree = "<group>"; };
		315823481843682D0039D83F /* PingHandler.cpp */ = {isa = PBXFileReference; fileEncoding = 4; lastKnownFileType = sourcecode.cpp.cpp; name = PingHandler.cpp; path = ../../PingHandler.cpp; sourceTree = "<group>"; };
		315823491843682D0039D83F /* PingHandler.h */ = {isa = PBXFileReference; fileEncoding = 4; lastKnownFileType = sourcecode.c.h; name = PingHandler.h; path = ../../PingHandler.h; sourceTree = "<group>"; };
		3158234C18471B900039D83F /* Package.cpp */ = {isa = PBXFileReference; fileEncoding = 4; lastKnownFileType = sourcecode.cpp.cpp; name = Package.cpp; path = ../../Package.cpp; sourceTree = "<group>"; };
		3158234D18471B900039D83F /* Package.h */ = {isa = PBXFileReference; fileEncoding = 4; lastKnownFileType = sourcecode.c.h; name = Package.h; path = ../../Package.h; sourceTree = "<group>"; };
		3158238318508C8E0039D83F /* DataItem.cpp */ = {isa = PBXFileReference; fileEncoding = 4; lastKnownFileType = sourcecode.cpp.cpp; name = DataItem.cpp; path = ../../DataItem.cpp; sourceTree = "<group>"; };
		3158238418508C8E0039D83F /* DataItem.h */ = {isa = PBXFileReference; fileEncoding = 4; lastKnownFileType = sourcecode.c.h; name = DataItem.h; path = ../../DataItem.h; sourceTree = "<group>"; };
		3158238618508DE10039D83F /* DataFileReader.cpp */ = {isa = PBXFileReference; fileEncoding = 4; lastKnownFileType = sourcecode.cpp.cpp; path = DataFileReader.cpp; sourceTree = "<group>"; };
		3158238718508DE10039D83F /* DataFileReader.h */ = {isa = PBXFileReference; fileEncoding = 4; lastKnownFileType = sourcecode.c.h; path = DataFileReader.h; sourceTree = "<group>"; };
		3158238E1850A30A0039D83F /* StudentInfoNode */ = {isa = PBXFileReference; explicitFileType = "compiled.mach-o.executable"; includeInIndex = 0; path = StudentInfoNode; sourceTree = BUILT_PRODUCTS_DIR; };
		315823921850A30A0039D83F /* StudentInfoNode.1 */ = {isa = PBXFileReference; lastKnownFileType = text.man; path = StudentInfoNode.1; sourceTree = "<group>"; };
		315823AD1850A42D0039D83F /* libstdc++.6.0.9.dylib */ = {isa = PBXFileReference; lastKnownFileType = "compiled.mach-o.dylib"; name = "libstdc++.6.0.9.dylib"; path = "usr/lib/libstdc++.6.0.9.dylib"; sourceTree = SDKROOT; };
		3168893B1C58C6870065A5AB /* ConfigurationFileReader.h */ = {isa = PBXFileReference; lastKnownFileType = sourcecode.c.h; name = ConfigurationFileReader.h; path = ../../ConfigurationFileReader.h; sourceTree = "<group>"; };
		3168893C1C58C7540065A5AB /* ConfigurationFileReader.cpp */ = {isa = PBXFileReference; fileEncoding = 4; lastKnownFileType = sourcecode.cpp.cpp; name = ConfigurationFileReader.cpp; path = ../../ConfigurationFileReader.cpp; sourceTree = "<group>"; };
		318B69B31C7F38CA0088E152 /* ConfigurationDataItem.cpp */ = {isa = PBXFileReference; fileEncoding = 4; lastKnownFileType = sourcecode.cpp.cpp; name = ConfigurationDataItem.cpp; path = ../../ConfigurationDataItem.cpp; sourceTree = "<group>"; };
		318B69B41C7F38CA0088E152 /* ConfigurationDataItem.h */ = {isa = PBXFileReference; fileEncoding = 4; lastKnownFileType = sourcecode.c.h; name = ConfigurationDataItem.h; path = ../../ConfigurationDataItem.h; sourceTree = "<group>"; };
		318D642B189A77B30056F85C /* PlainStudentFileHandler.cpp */ = {isa = PBXFileReference; fileEncoding = 4; lastKnownFileType = sourcecode.cpp.cpp; path = PlainStudentFileHandler.cpp; sourceTree = "<group>"; };
		318D642C189A77B30056F85C /* PlainStudentFileHandler.h */ = {isa = PBXFileReference; fileEncoding = 4; lastKnownFileType = sourcecode.c.h; path = PlainStudentFileHandler.h; sourceTree = "<group>"; };
		318D6431189ACD170056F85C /* CruelGrader.cpp */ = {isa = PBXFileReference; fileEncoding = 4; lastKnownFileType = sourcecode.cpp.cpp; path = CruelGrader.cpp; sourceTree = "<group>"; };
		318D6432189ACD170056F85C /* CruelGrader.h */ = {isa = PBXFileReference; fileEncoding = 4; lastKnownFileType = sourcecode.c.h; path = CruelGrader.h; sourceTree = "<group>"; };
		318D6434189AD1140056F85C /* TheUsualGrader.cpp */ = {isa = PBXFileReference; fileEncoding = 4; lastKnownFileType = sourcecode.cpp.cpp; path = TheUsualGrader.cpp; sourceTree = "<group>"; };
		318D6435189AD1140056F85C /* TheUsualGrader.h */ = {isa = PBXFileReference; fileEncoding = 4; lastKnownFileType = sourcecode.c.h; path = TheUsualGrader.h; sourceTree = "<group>"; };
		318D6437189AD2F00056F85C /* GraderFactory.cpp */ = {isa = PBXFileReference; fileEncoding = 4; lastKnownFileType = sourcecode.cpp.cpp; path = GraderFactory.cpp; sourceTree = "<group>"; };
		318D6438189AD2F00056F85C /* GraderFactory.h */ = {isa = PBXFileReference; fileEncoding = 4; lastKnownFileType = sourcecode.c.h; path = GraderFactory.h; sourceTree = "<group>"; };
		318D643A189AD9690056F85C /* StudentFileWriter.cpp */ = {isa = PBXFileReference; fileEncoding = 4; lastKnownFileType = sourcecode.cpp.cpp; path = StudentFileWriter.cpp; sourceTree = "<group>"; };
		318D643B189AD9690056F85C /* StudentFileWriter.h */ = {isa = PBXFileReference; fileEncoding = 4; lastKnownFileType = sourcecode.c.h; path = StudentFileWriter.h; sourceTree = "<group>"; };
		318D643D189AE1DB0056F85C /* StudentWriterHandler.cpp */ = {isa = PBXFileReference; fileEncoding = 4; lastKnownFileType = sourcecode.cpp.cpp; path = StudentWriterHandler.cpp; sourceTree = "<group>"; };
		318D643E189AE1DB0056F85C /* StudentWriterHandler.h */ = {isa = PBXFileReference; fileEncoding = 4; lastKnownFileType = sourcecode.c.h; path = StudentWriterHandler.h; sourceTree = "<group>"; };
		31D65B451887ECDF00356258 /* StudentFileReader.cpp */ = {isa = PBXFileReference; fileEncoding = 4; lastKnownFileType = sourcecode.cpp.cpp; name = StudentFileReader.cpp; path = StudentInfoNode/StudentFileReader.cpp; sourceTree = "<group>"; };
		31D65B461887ECDF00356258 /* StudentFileReader.h */ = {isa = PBXFileReference; fileEncoding = 4; lastKnownFileType = sourcecode.c.h; name = StudentFileReader.h; path = StudentInfoNode/StudentFileReader.h; sourceTree = "<group>"; };
		31D65B481887EDE300356258 /* StudentDataItem.cpp */ = {isa = PBXFileReference; fileEncoding = 4; lastKnownFileType = sourcecode.cpp.cpp; name = StudentDataItem.cpp; path = StudentInfoNode/StudentDataItem.cpp; sourceTree = "<group>"; };
		31D65B491887EDE300356258 /* StudentDataItem.h */ = {isa = PBXFileReference; fileEncoding = 4; lastKnownFileType = sourcecode.c.h; name = StudentDataItem.h; path = StudentInfoNode/StudentDataItem.h; sourceTree = "<group>"; };
/* End PBXFileReference section */

/* Begin PBXFrameworksBuildPhase section */
		312BF10318911B08009BBB9B /* Frameworks */ = {
			isa = PBXFrameworksBuildPhase;
			buildActionMask = 2147483647;
			files = (
			);
			runOnlyForDeploymentPostprocessing = 0;
		};
		312BF1311896DA0D009BBB9B /* Frameworks */ = {
			isa = PBXFrameworksBuildPhase;
			buildActionMask = 2147483647;
			files = (
			);
			runOnlyForDeploymentPostprocessing = 0;
		};
		312BF1601897BFAE009BBB9B /* Frameworks */ = {
			isa = PBXFrameworksBuildPhase;
			buildActionMask = 2147483647;
			files = (
			);
			runOnlyForDeploymentPostprocessing = 0;
		};
		3158238B1850A30A0039D83F /* Frameworks */ = {
			isa = PBXFrameworksBuildPhase;
			buildActionMask = 2147483647;
			files = (
				315823AE1850A42D0039D83F /* libstdc++.6.0.9.dylib in Frameworks */,
			);
			runOnlyForDeploymentPostprocessing = 0;
		};
/* End PBXFrameworksBuildPhase section */

/* Begin PBXGroup section */
		312BF10718911B08009BBB9B /* ExerciseInfoNode */ = {
			isa = PBXGroup;
			children = (
				312BF10818911B08009BBB9B /* EImain.cpp */,
				312BF10A18911B08009BBB9B /* ExerciseInfoNode.1 */,
			);
			path = ExerciseInfoNode;
			sourceTree = "<group>";
		};
		312BF1351896DA0D009BBB9B /* ExamInfoNode */ = {
			isa = PBXGroup;
			children = (
				312BF1361896DA0D009BBB9B /* EINmain.cpp */,
				312BF1381896DA0D009BBB9B /* ExamInfoNode.1 */,
			);
			path = ExamInfoNode;
			sourceTree = "<group>";
		};
		312BF1641897BFAE009BBB9B /* ExerciseWorkInfoNode */ = {
			isa = PBXGroup;
			children = (
				312BF1651897BFAE009BBB9B /* EWINmain.cpp */,
				312BF1671897BFAE009BBB9B /* ExerciseWorkInfoNode.1 */,
				312BF18D1897C9D0009BBB9B /* GradingHandler.cpp */,
				312BF18E1897C9D0009BBB9B /* GradingHandler.h */,
				318D6431189ACD170056F85C /* CruelGrader.cpp */,
				318D6432189ACD170056F85C /* CruelGrader.h */,
				318D6434189AD1140056F85C /* TheUsualGrader.cpp */,
				318D6435189AD1140056F85C /* TheUsualGrader.h */,
				318D6437189AD2F00056F85C /* GraderFactory.cpp */,
				318D6438189AD2F00056F85C /* GraderFactory.h */,
			);
			path = ExerciseWorkInfoNode;
			sourceTree = "<group>";
		};
		31323CB2181526EE002F33D7 = {
			isa = PBXGroup;
			children = (
				315823AD1850A42D0039D83F /* libstdc++.6.0.9.dylib */,
				31323CBD181526EE002F33D7 /* PipesAndFiltersFramework */,
				318D641D189A5B9B0056F85C /* StudentFramework */,
				3158238F1850A30A0039D83F /* StudentInfoNode */,
				312BF10718911B08009BBB9B /* ExerciseInfoNode */,
				312BF1351896DA0D009BBB9B /* ExamInfoNode */,
				312BF1641897BFAE009BBB9B /* ExerciseWorkInfoNode */,
				31323CBC181526EE002F33D7 /* Products */,
			);
			sourceTree = "<group>";
		};
		31323CBC181526EE002F33D7 /* Products */ = {
			isa = PBXGroup;
			children = (
				3158238E1850A30A0039D83F /* StudentInfoNode */,
				312BF10618911B08009BBB9B /* ExerciseInfoNode */,
				312BF1341896DA0D009BBB9B /* ExamInfoNode */,
				312BF1631897BFAE009BBB9B /* ExerciseWorkInfoNode */,
			);
			name = Products;
			sourceTree = "<group>";
		};
		31323CBD181526EE002F33D7 /* PipesAndFiltersFramework */ = {
			isa = PBXGroup;
			children = (
				3158234B184719180039D83F /* Handlers */,
				31323CCC18152735002F33D7 /* NetworkWriter.cpp */,
				31323CD318152754002F33D7 /* NetworkWriter.h */,
				31323CC818152735002F33D7 /* NetworkReader.cpp */,
				31323CCB18152735002F33D7 /* NetworkReader.h */,
				31323CCD18152735002F33D7 /* ProcessorNode.cpp */,
				31323CD518152754002F33D7 /* ProcessorNode.h */,
				31323CD618152754002F33D7 /* Networker.cpp */,
				31323CD718152754002F33D7 /* Networker.h */,
				31323CD818152754002F33D7 /* NetworkReaderObserver.h */,
				31323CC918152735002F33D7 /* Log.cpp */,
				31323CCA18152735002F33D7 /* Log.h */,
				3158234C18471B900039D83F /* Package.cpp */,
				3158234D18471B900039D83F /* Package.h */,
				31323CC0181526EE002F33D7 /* PipesAndFiltersFramework.1 */,
				3158238318508C8E0039D83F /* DataItem.cpp */,
				3158238418508C8E0039D83F /* DataItem.h */,
				3158238618508DE10039D83F /* DataFileReader.cpp */,
				3158238718508DE10039D83F /* DataFileReader.h */,
				312BF12F18968AB1009BBB9B /* DataReaderObserver.h */,
				3168893B1C58C6870065A5AB /* ConfigurationFileReader.h */,
				3168893C1C58C7540065A5AB /* ConfigurationFileReader.cpp */,
				318B69B31C7F38CA0088E152 /* ConfigurationDataItem.cpp */,
				318B69B41C7F38CA0088E152 /* ConfigurationDataItem.h */,
			);
			name = PipesAndFiltersFramework;
			path = PipesAndFiltersStudentNode;
			sourceTree = "<group>";
		};
		3158234B184719180039D83F /* Handlers */ = {
			isa = PBXGroup;
			children = (
				31323CD418152754002F33D7 /* DataHandler.cpp */,
				31323CD218152754002F33D7 /* DataHandler.h */,
				315823481843682D0039D83F /* PingHandler.cpp */,
				315823491843682D0039D83F /* PingHandler.h */,
			);
			name = Handlers;
			sourceTree = "<group>";
		};
		3158238F1850A30A0039D83F /* StudentInfoNode */ = {
			isa = PBXGroup;
			children = (
				31323CBE181526EE002F33D7 /* SImain.cpp */,
				315823921850A30A0039D83F /* StudentInfoNode.1 */,
			);
			path = StudentInfoNode;
			sourceTree = "<group>";
		};
		318D641D189A5B9B0056F85C /* StudentFramework */ = {
			isa = PBXGroup;
			children = (
				312BF12C18912926009BBB9B /* StudentNetInputHandler.cpp */,
				312BF12D18912926009BBB9B /* StudentNetInputHandler.h */,
				312BF1901897FE7F009BBB9B /* StudentNetOutputHandler.cpp */,
				312BF1911897FE7F009BBB9B /* StudentNetOutputHandler.h */,
				31D65B451887ECDF00356258 /* StudentFileReader.cpp */,
				31D65B461887ECDF00356258 /* StudentFileReader.h */,
				31D65B481887EDE300356258 /* StudentDataItem.cpp */,
				31D65B491887EDE300356258 /* StudentDataItem.h */,
				312BF19318980D9A009BBB9B /* StudentHandler.cpp */,
				312BF19418980D9A009BBB9B /* StudentHandler.h */,
				312BF15E1897B9B9009BBB9B /* GradeCalculator.h */,
				318D642B189A77B30056F85C /* PlainStudentFileHandler.cpp */,
				318D642C189A77B30056F85C /* PlainStudentFileHandler.h */,
				318D643A189AD9690056F85C /* StudentFileWriter.cpp */,
				318D643B189AD9690056F85C /* StudentFileWriter.h */,
				318D643D189AE1DB0056F85C /* StudentWriterHandler.cpp */,
				318D643E189AE1DB0056F85C /* StudentWriterHandler.h */,
			);
			name = StudentFramework;
			sourceTree = "<group>";
		};
/* End PBXGroup section */

/* Begin PBXNativeTarget section */
		312BF10518911B08009BBB9B /* ExerciseInfoNode */ = {
			isa = PBXNativeTarget;
			buildConfigurationList = 312BF10C18911B08009BBB9B /* Build configuration list for PBXNativeTarget "ExerciseInfoNode" */;
			buildPhases = (
				312BF10218911B08009BBB9B /* Sources */,
				312BF10318911B08009BBB9B /* Frameworks */,
				312BF10418911B08009BBB9B /* CopyFiles */,
			);
			buildRules = (
			);
			dependencies = (
			);
			name = ExerciseInfoNode;
			productName = ExerciseInfoNode;
			productReference = 312BF10618911B08009BBB9B /* ExerciseInfoNode */;
			productType = "com.apple.product-type.tool";
		};
		312BF1331896DA0D009BBB9B /* ExamInfoNode */ = {
			isa = PBXNativeTarget;
			buildConfigurationList = 312BF13A1896DA0D009BBB9B /* Build configuration list for PBXNativeTarget "ExamInfoNode" */;
			buildPhases = (
				312BF1301896DA0D009BBB9B /* Sources */,
				312BF1311896DA0D009BBB9B /* Frameworks */,
				312BF1321896DA0D009BBB9B /* CopyFiles */,
			);
			buildRules = (
			);
			dependencies = (
			);
			name = ExamInfoNode;
			productName = ExamInfoNode;
			productReference = 312BF1341896DA0D009BBB9B /* ExamInfoNode */;
			productType = "com.apple.product-type.tool";
		};
		312BF1621897BFAE009BBB9B /* ExerciseWorkInfoNode */ = {
			isa = PBXNativeTarget;
			buildConfigurationList = 312BF1691897BFAE009BBB9B /* Build configuration list for PBXNativeTarget "ExerciseWorkInfoNode" */;
			buildPhases = (
				312BF15F1897BFAE009BBB9B /* Sources */,
				312BF1601897BFAE009BBB9B /* Frameworks */,
				312BF1611897BFAE009BBB9B /* CopyFiles */,
			);
			buildRules = (
			);
			dependencies = (
			);
			name = ExerciseWorkInfoNode;
			productName = ExerciseWorkInfoNode;
			productReference = 312BF1631897BFAE009BBB9B /* ExerciseWorkInfoNode */;
			productType = "com.apple.product-type.tool";
		};
		3158238D1850A30A0039D83F /* StudentInfoNode */ = {
			isa = PBXNativeTarget;
			buildConfigurationList = 315823941850A30A0039D83F /* Build configuration list for PBXNativeTarget "StudentInfoNode" */;
			buildPhases = (
				3158238A1850A30A0039D83F /* Sources */,
				3158238B1850A30A0039D83F /* Frameworks */,
				3158238C1850A30A0039D83F /* CopyFiles */,
			);
			buildRules = (
			);
			dependencies = (
			);
			name = StudentInfoNode;
			productName = StudentInfoNode;
			productReference = 3158238E1850A30A0039D83F /* StudentInfoNode */;
			productType = "com.apple.product-type.tool";
		};
/* End PBXNativeTarget section */

/* Begin PBXProject section */
		31323CB3181526EE002F33D7 /* Project object */ = {
			isa = PBXProject;
			attributes = {
				LastUpgradeCheck = 0500;
				ORGANIZATIONNAME = "Antti Juustila";
			};
			buildConfigurationList = 31323CB6181526EE002F33D7 /* Build configuration list for PBXProject "PipesAndFiltersFramework" */;
			compatibilityVersion = "Xcode 3.2";
			developmentRegion = English;
			hasScannedForEncodings = 0;
			knownRegions = (
				en,
			);
			mainGroup = 31323CB2181526EE002F33D7;
			productRefGroup = 31323CBC181526EE002F33D7 /* Products */;
			projectDirPath = "";
			projectRoot = "";
			targets = (
				3158238D1850A30A0039D83F /* StudentInfoNode */,
				312BF10518911B08009BBB9B /* ExerciseInfoNode */,
				312BF1331896DA0D009BBB9B /* ExamInfoNode */,
				312BF1621897BFAE009BBB9B /* ExerciseWorkInfoNode */,
			);
		};
/* End PBXProject section */

/* Begin PBXSourcesBuildPhase section */
		312BF10218911B08009BBB9B /* Sources */ = {
			isa = PBXSourcesBuildPhase;
			buildActionMask = 2147483647;
			files = (
				318D641E189A5EAD0056F85C /* StudentFileReader.cpp in Sources */,
				312BF12A18911F6F009BBB9B /* StudentDataItem.cpp in Sources */,
				312BF12B18911F6F009BBB9B /* StudentDataItem.h in Sources */,
				312BF10F18911B28009BBB9B /* DataHandler.cpp in Sources */,
				312BF11018911B28009BBB9B /* DataHandler.h in Sources */,
				312BF11118911B28009BBB9B /* PingHandler.cpp in Sources */,
				312BF11218911B28009BBB9B /* PingHandler.h in Sources */,
				3168893E1C58C7540065A5AB /* ConfigurationFileReader.cpp in Sources */,
				312BF11318911B28009BBB9B /* NetworkWriter.cpp in Sources */,
				312BF11418911B28009BBB9B /* NetworkWriter.h in Sources */,
				312BF11518911B28009BBB9B /* NetworkReader.cpp in Sources */,
				312BF11618911B28009BBB9B /* NetworkReader.h in Sources */,
				312BF11718911B28009BBB9B /* ProcessorNode.cpp in Sources */,
				312BF11818911B28009BBB9B /* ProcessorNode.h in Sources */,
				312BF11918911B28009BBB9B /* Networker.cpp in Sources */,
				312BF11A18911B28009BBB9B /* Networker.h in Sources */,
				312BF11B18911B28009BBB9B /* NetworkReaderObserver.h in Sources */,
				318D642E189A77B30056F85C /* PlainStudentFileHandler.cpp in Sources */,
				312BF11C18911B28009BBB9B /* Log.cpp in Sources */,
				312BF11D18911B28009BBB9B /* Log.h in Sources */,
				318B69B61C7F38CA0088E152 /* ConfigurationDataItem.cpp in Sources */,
				312BF11E18911B28009BBB9B /* Package.cpp in Sources */,
				312BF11F18911B28009BBB9B /* Package.h in Sources */,
				312BF12018911B28009BBB9B /* DataItem.cpp in Sources */,
				312BF12118911B28009BBB9B /* DataItem.h in Sources */,
				312BF1921897FE7F009BBB9B /* StudentNetOutputHandler.cpp in Sources */,
				312BF12E18912926009BBB9B /* StudentNetInputHandler.cpp in Sources */,
				312BF12218911B28009BBB9B /* DataFileReader.cpp in Sources */,
				312BF19518980D9A009BBB9B /* StudentHandler.cpp in Sources */,
				312BF12318911B28009BBB9B /* DataFileReader.h in Sources */,
				312BF10918911B08009BBB9B /* EImain.cpp in Sources */,
			);
			runOnlyForDeploymentPostprocessing = 0;
		};
		312BF1301896DA0D009BBB9B /* Sources */ = {
			isa = PBXSourcesBuildPhase;
			buildActionMask = 2147483647;
			files = (
				318D6420189A5FB20056F85C /* StudentFileReader.cpp in Sources */,
				318D641F189A5F5D0056F85C /* StudentHandler.cpp in Sources */,
				318D6419189A59570056F85C /* StudentNetInputHandler.cpp in Sources */,
				318D641A189A59570056F85C /* StudentNetInputHandler.h in Sources */,
				318D641B189A59570056F85C /* StudentNetOutputHandler.cpp in Sources */,
				318D641C189A59570056F85C /* StudentNetOutputHandler.h in Sources */,
				312BF14618979A2C009BBB9B /* DataHandler.cpp in Sources */,
				3168893F1C58C7540065A5AB /* ConfigurationFileReader.cpp in Sources */,
				312BF14718979A2C009BBB9B /* DataHandler.h in Sources */,
				318D642F189A77B30056F85C /* PlainStudentFileHandler.cpp in Sources */,
				312BF14818979A2C009BBB9B /* PingHandler.cpp in Sources */,
				312BF14918979A2C009BBB9B /* PingHandler.h in Sources */,
				312BF14A18979A2C009BBB9B /* NetworkWriter.cpp in Sources */,
				312BF14B18979A2C009BBB9B /* NetworkWriter.h in Sources */,
				312BF14C18979A2C009BBB9B /* NetworkReader.cpp in Sources */,
				312BF14D18979A2C009BBB9B /* NetworkReader.h in Sources */,
				312BF14E18979A2C009BBB9B /* ProcessorNode.cpp in Sources */,
				312BF14F18979A2C009BBB9B /* ProcessorNode.h in Sources */,
				312BF15018979A2C009BBB9B /* Networker.cpp in Sources */,
				312BF15118979A2C009BBB9B /* Networker.h in Sources */,
				312BF15218979A2C009BBB9B /* NetworkReaderObserver.h in Sources */,
				318B69B71C7F38CA0088E152 /* ConfigurationDataItem.cpp in Sources */,
				312BF15318979A2C009BBB9B /* Log.cpp in Sources */,
				312BF15418979A2C009BBB9B /* Log.h in Sources */,
				312BF15518979A2C009BBB9B /* Package.cpp in Sources */,
				312BF15618979A2C009BBB9B /* Package.h in Sources */,
				312BF15718979A2C009BBB9B /* DataItem.cpp in Sources */,
				312BF15818979A2C009BBB9B /* DataItem.h in Sources */,
				312BF15918979A2C009BBB9B /* DataFileReader.cpp in Sources */,
				312BF15A18979A2C009BBB9B /* DataFileReader.h in Sources */,
				312BF15B18979A2C009BBB9B /* DataReaderObserver.h in Sources */,
				312BF15C18979A2C009BBB9B /* StudentDataItem.cpp in Sources */,
				312BF15D18979A2C009BBB9B /* StudentDataItem.h in Sources */,
				312BF1371896DA0D009BBB9B /* EINmain.cpp in Sources */,
			);
			runOnlyForDeploymentPostprocessing = 0;
		};
		312BF15F1897BFAE009BBB9B /* Sources */ = {
			isa = PBXSourcesBuildPhase;
			buildActionMask = 2147483647;
			files = (
				318D6421189A60910056F85C /* StudentNetInputHandler.cpp in Sources */,
				318D6422189A60910056F85C /* StudentNetInputHandler.h in Sources */,
				318D6423189A60910056F85C /* StudentNetOutputHandler.cpp in Sources */,
				318D6424189A60910056F85C /* StudentNetOutputHandler.h in Sources */,
				318D6425189A60910056F85C /* StudentFileReader.cpp in Sources */,
				318D6426189A60910056F85C /* StudentFileReader.h in Sources */,
				318D6427189A60910056F85C /* StudentHandler.cpp in Sources */,
				318D6428189A60910056F85C /* StudentHandler.h in Sources */,
				312BF1751897C7CE009BBB9B /* DataHandler.cpp in Sources */,
				318D643F189AE1DB0056F85C /* StudentWriterHandler.cpp in Sources */,
				312BF1761897C7CE009BBB9B /* DataHandler.h in Sources */,
				318D643C189AD9690056F85C /* StudentFileWriter.cpp in Sources */,
				312BF1771897C7CE009BBB9B /* PingHandler.cpp in Sources */,
				312BF1781897C7CE009BBB9B /* PingHandler.h in Sources */,
				312BF1791897C7CE009BBB9B /* NetworkWriter.cpp in Sources */,
				312BF17A1897C7CE009BBB9B /* NetworkWriter.h in Sources */,
				312BF17B1897C7CE009BBB9B /* NetworkReader.cpp in Sources */,
				318D6436189AD1140056F85C /* TheUsualGrader.cpp in Sources */,
				312BF17C1897C7CE009BBB9B /* NetworkReader.h in Sources */,
				312BF17D1897C7CE009BBB9B /* ProcessorNode.cpp in Sources */,
				318D6430189A77B30056F85C /* PlainStudentFileHandler.cpp in Sources */,
				318D6433189ACD170056F85C /* CruelGrader.cpp in Sources */,
				312BF17E1897C7CE009BBB9B /* ProcessorNode.h in Sources */,
				312BF17F1897C7CE009BBB9B /* Networker.cpp in Sources */,
				316889401C58C7540065A5AB /* ConfigurationFileReader.cpp in Sources */,
				312BF1801897C7CE009BBB9B /* Networker.h in Sources */,
				312BF1811897C7CE009BBB9B /* NetworkReaderObserver.h in Sources */,
				312BF1821897C7CE009BBB9B /* Log.cpp in Sources */,
				312BF1831897C7CE009BBB9B /* Log.h in Sources */,
				312BF1841897C7CE009BBB9B /* Package.cpp in Sources */,
				312BF1851897C7CE009BBB9B /* Package.h in Sources */,
				312BF1861897C7CE009BBB9B /* DataItem.cpp in Sources */,
				312BF1871897C7CE009BBB9B /* DataItem.h in Sources */,
				318D6439189AD2F00056F85C /* GraderFactory.cpp in Sources */,
				312BF1881897C7CE009BBB9B /* DataFileReader.cpp in Sources */,
				318B69B81C7F38CA0088E152 /* ConfigurationDataItem.cpp in Sources */,
				312BF18F1897C9D0009BBB9B /* GradingHandler.cpp in Sources */,
				312BF1891897C7CE009BBB9B /* DataFileReader.h in Sources */,
				312BF18A1897C7CE009BBB9B /* DataReaderObserver.h in Sources */,
				312BF18B1897C7CE009BBB9B /* StudentDataItem.cpp in Sources */,
				312BF18C1897C7CE009BBB9B /* StudentDataItem.h in Sources */,
				312BF1661897BFAE009BBB9B /* EWINmain.cpp in Sources */,
			);
			runOnlyForDeploymentPostprocessing = 0;
		};
		3158238A1850A30A0039D83F /* Sources */ = {
			isa = PBXSourcesBuildPhase;
			buildActionMask = 2147483647;
			files = (
				318D6429189A6E760056F85C /* StudentNetOutputHandler.cpp in Sources */,
				318D642A189A6E760056F85C /* StudentHandler.cpp in Sources */,
				315823971850A3870039D83F /* DataHandler.cpp in Sources */,
				315823981850A3870039D83F /* DataHandler.h in Sources */,
				315823991850A3870039D83F /* PingHandler.cpp in Sources */,
				3158239A1850A3870039D83F /* PingHandler.h in Sources */,
				3158239B1850A3870039D83F /* NetworkWriter.cpp in Sources */,
				31D65B4A1887EDE300356258 /* StudentDataItem.cpp in Sources */,
				3158239C1850A3870039D83F /* NetworkWriter.h in Sources */,
				3158239D1850A3870039D83F /* NetworkReader.cpp in Sources */,
				3158239E1850A3870039D83F /* NetworkReader.h in Sources */,
				3158239F1850A3870039D83F /* ProcessorNode.cpp in Sources */,
				315823A01850A3870039D83F /* ProcessorNode.h in Sources */,
				315823A11850A3870039D83F /* Networker.cpp in Sources */,
				315823A21850A3870039D83F /* Networker.h in Sources */,
				315823A31850A3870039D83F /* NetworkReaderObserver.h in Sources */,
				315823A41850A3870039D83F /* Log.cpp in Sources */,
				315823A51850A3870039D83F /* Log.h in Sources */,
				315823A61850A3870039D83F /* Package.cpp in Sources */,
				31D65B471887ECDF00356258 /* StudentFileReader.cpp in Sources */,
				315823A71850A3870039D83F /* Package.h in Sources */,
				318D642D189A77B30056F85C /* PlainStudentFileHandler.cpp in Sources */,
				315823A81850A3870039D83F /* DataItem.cpp in Sources */,
				3168893D1C58C7540065A5AB /* ConfigurationFileReader.cpp in Sources */,
				315823A91850A3870039D83F /* DataItem.h in Sources */,
				315823AA1850A3870039D83F /* DataFileReader.cpp in Sources */,
				315823AB1850A3870039D83F /* DataFileReader.h in Sources */,
				318B69B51C7F38CA0088E152 /* ConfigurationDataItem.cpp in Sources */,
				315823AC1850A3870039D83F /* SImain.cpp in Sources */,
			);
			runOnlyForDeploymentPostprocessing = 0;
		};
/* End PBXSourcesBuildPhase section */

/* Begin XCBuildConfiguration section */
		312BF10D18911B08009BBB9B /* Debug */ = {
			isa = XCBuildConfiguration;
			buildSettings = {
				GCC_PREPROCESSOR_DEFINITIONS = (
					"DEBUG=1",
					"$(inherited)",
				);
				MACOSX_DEPLOYMENT_TARGET = 10.9;
				PRODUCT_NAME = "$(TARGET_NAME)";
			};
			name = Debug;
		};
		312BF10E18911B08009BBB9B /* Release */ = {
			isa = XCBuildConfiguration;
			buildSettings = {
				MACOSX_DEPLOYMENT_TARGET = 10.9;
				PRODUCT_NAME = "$(TARGET_NAME)";
			};
			name = Release;
		};
		312BF13B1896DA0D009BBB9B /* Debug */ = {
			isa = XCBuildConfiguration;
			buildSettings = {
				GCC_PREPROCESSOR_DEFINITIONS = (
					"DEBUG=1",
					"$(inherited)",
				);
				MACOSX_DEPLOYMENT_TARGET = 10.9;
				PRODUCT_NAME = "$(TARGET_NAME)";
			};
			name = Debug;
		};
		312BF13C1896DA0D009BBB9B /* Release */ = {
			isa = XCBuildConfiguration;
			buildSettings = {
				MACOSX_DEPLOYMENT_TARGET = 10.9;
				PRODUCT_NAME = "$(TARGET_NAME)";
			};
			name = Release;
		};
		312BF16A1897BFAE009BBB9B /* Debug */ = {
			isa = XCBuildConfiguration;
			buildSettings = {
				GCC_PREPROCESSOR_DEFINITIONS = (
					"DEBUG=1",
					"$(inherited)",
				);
				MACOSX_DEPLOYMENT_TARGET = 10.9;
				PRODUCT_NAME = "$(TARGET_NAME)";
			};
			name = Debug;
		};
		312BF16B1897BFAE009BBB9B /* Release */ = {
			isa = XCBuildConfiguration;
			buildSettings = {
				MACOSX_DEPLOYMENT_TARGET = 10.9;
				PRODUCT_NAME = "$(TARGET_NAME)";
			};
			name = Release;
		};
		31323CC2181526EE002F33D7 /* Debug */ = {
			isa = XCBuildConfiguration;
			buildSettings = {
				ALWAYS_SEARCH_USER_PATHS = NO;
				CLANG_CXX_LANGUAGE_STANDARD = "gnu++0x";
				CLANG_CXX_LIBRARY = "libc++";
				CLANG_ENABLE_OBJC_ARC = YES;
				CLANG_WARN_BOOL_CONVERSION = YES;
				CLANG_WARN_CONSTANT_CONVERSION = YES;
				CLANG_WARN_DIRECT_OBJC_ISA_USAGE = YES_ERROR;
				CLANG_WARN_EMPTY_BODY = YES;
				CLANG_WARN_ENUM_CONVERSION = YES;
				CLANG_WARN_INT_CONVERSION = YES;
				CLANG_WARN_OBJC_ROOT_CLASS = YES_ERROR;
				CLANG_WARN__DUPLICATE_METHOD_MATCH = YES;
				COPY_PHASE_STRIP = NO;
				GCC_C_LANGUAGE_STANDARD = gnu99;
				GCC_DYNAMIC_NO_PIC = NO;
				GCC_ENABLE_OBJC_EXCEPTIONS = YES;
				GCC_OPTIMIZATION_LEVEL = 0;
				GCC_PREPROCESSOR_DEFINITIONS = (
					"DEBUG=1",
					"$(inherited)",
				);
				GCC_SYMBOLS_PRIVATE_EXTERN = NO;
				GCC_WARN_64_TO_32_BIT_CONVERSION = YES;
				GCC_WARN_ABOUT_RETURN_TYPE = YES_ERROR;
				GCC_WARN_UNDECLARED_SELECTOR = YES;
				GCC_WARN_UNINITIALIZED_AUTOS = YES;
				GCC_WARN_UNUSED_FUNCTION = YES;
				GCC_WARN_UNUSED_VARIABLE = YES;
				HEADER_SEARCH_PATHS = (
					"$(inherited)",
					/Applications/Xcode.app/Contents/Developer/Toolchains/XcodeDefault.xctoolchain/usr/include,
					/Users/juustila/boost_1_54_0/,
				);
				MACOSX_DEPLOYMENT_TARGET = 10.8;
				ONLY_ACTIVE_ARCH = YES;
				SDKROOT = macosx;
				USER_HEADER_SEARCH_PATHS = "";
			};
			name = Debug;
		};
		31323CC3181526EE002F33D7 /* Release */ = {
			isa = XCBuildConfiguration;
			buildSettings = {
				ALWAYS_SEARCH_USER_PATHS = NO;
				CLANG_CXX_LANGUAGE_STANDARD = "gnu++0x";
				CLANG_CXX_LIBRARY = "libc++";
				CLANG_ENABLE_OBJC_ARC = YES;
				CLANG_WARN_BOOL_CONVERSION = YES;
				CLANG_WARN_CONSTANT_CONVERSION = YES;
				CLANG_WARN_DIRECT_OBJC_ISA_USAGE = YES_ERROR;
				CLANG_WARN_EMPTY_BODY = YES;
				CLANG_WARN_ENUM_CONVERSION = YES;
				CLANG_WARN_INT_CONVERSION = YES;
				CLANG_WARN_OBJC_ROOT_CLASS = YES_ERROR;
				CLANG_WARN__DUPLICATE_METHOD_MATCH = YES;
				COPY_PHASE_STRIP = YES;
				DEBUG_INFORMATION_FORMAT = "dwarf-with-dsym";
				ENABLE_NS_ASSERTIONS = NO;
				GCC_C_LANGUAGE_STANDARD = gnu99;
				GCC_ENABLE_OBJC_EXCEPTIONS = YES;
				GCC_WARN_64_TO_32_BIT_CONVERSION = YES;
				GCC_WARN_ABOUT_RETURN_TYPE = YES_ERROR;
				GCC_WARN_UNDECLARED_SELECTOR = YES;
				GCC_WARN_UNINITIALIZED_AUTOS = YES;
				GCC_WARN_UNUSED_FUNCTION = YES;
				GCC_WARN_UNUSED_VARIABLE = YES;
				HEADER_SEARCH_PATHS = (
					"$(inherited)",
					/Applications/Xcode.app/Contents/Developer/Toolchains/XcodeDefault.xctoolchain/usr/include,
					/Users/juustila/boost_1_54_0/,
				);
				MACOSX_DEPLOYMENT_TARGET = 10.8;
				SDKROOT = macosx;
				USER_HEADER_SEARCH_PATHS = "";
			};
			name = Release;
		};
		315823951850A30A0039D83F /* Debug */ = {
			isa = XCBuildConfiguration;
			buildSettings = {
				GCC_PREPROCESSOR_DEFINITIONS = (
					"DEBUG=1",
					"$(inherited)",
				);
				MACOSX_DEPLOYMENT_TARGET = 10.9;
				PRODUCT_NAME = "$(TARGET_NAME)";
			};
			name = Debug;
		};
		315823961850A30A0039D83F /* Release */ = {
			isa = XCBuildConfiguration;
			buildSettings = {
				MACOSX_DEPLOYMENT_TARGET = 10.9;
				PRODUCT_NAME = "$(TARGET_NAME)";
			};
			name = Release;
		};
/* End XCBuildConfiguration section */

/* Begin XCConfigurationList section */
		312BF10C18911B08009BBB9B /* Build configuration list for PBXNativeTarget "ExerciseInfoNode" */ = {
			isa = XCConfigurationList;
			buildConfigurations = (
				312BF10D18911B08009BBB9B /* Debug */,
				312BF10E18911B08009BBB9B /* Release */,
			);
			defaultConfigurationIsVisible = 0;
			defaultConfigurationName = Release;
		};
		312BF13A1896DA0D009BBB9B /* Build configuration list for PBXNativeTarget "ExamInfoNode" */ = {
			isa = XCConfigurationList;
			buildConfigurations = (
				312BF13B1896DA0D009BBB9B /* Debug */,
				312BF13C1896DA0D009BBB9B /* Release */,
			);
			defaultConfigurationIsVisible = 0;
			defaultConfigurationName = Release;
		};
		312BF1691897BFAE009BBB9B /* Build configuration list for PBXNativeTarget "ExerciseWorkInfoNode" */ = {
			isa = XCConfigurationList;
			buildConfigurations = (
				312BF16A1897BFAE009BBB9B /* Debug */,
				312BF16B1897BFAE009BBB9B /* Release */,
			);
			defaultConfigurationIsVisible = 0;
			defaultConfigurationName = Release;
		};
		31323CB6181526EE002F33D7 /* Build configuration list for PBXProject "PipesAndFiltersFramework" */ = {
			isa = XCConfigurationList;
			buildConfigurations = (
				31323CC2181526EE002F33D7 /* Debug */,
				31323CC3181526EE002F33D7 /* Release */,
			);
			defaultConfigurationIsVisible = 0;
			defaultConfigurationName = Release;
		};
		315823941850A30A0039D83F /* Build configuration list for PBXNativeTarget "StudentInfoNode" */ = {
			isa = XCConfigurationList;
			buildConfigurations = (
				315823951850A30A0039D83F /* Debug */,
				315823961850A30A0039D83F /* Release */,
			);
			defaultConfigurationIsVisible = 0;
			defaultConfigurationName = Release;
		};
/* End XCConfigurationList section */
	};
	rootObject = 31323CB3181526EE002F33D7 /* Project object */;
}
